// !$*UTF8*$!
{
	archiveVersion = 1;
	classes = {
	};
	objectVersion = 46;
	objects = {

/* Begin PBXBuildFile section */
		B41AC3E619C3B6770036198E /* AppDelegate.swift in Sources */ = {isa = PBXBuildFile; fileRef = B41AC3E519C3B6770036198E /* AppDelegate.swift */; };
		B41AC3E819C3B6770036198E /* ViewController.swift in Sources */ = {isa = PBXBuildFile; fileRef = B41AC3E719C3B6770036198E /* ViewController.swift */; };
		B41AC3EB19C3B6770036198E /* Main.storyboard in Resources */ = {isa = PBXBuildFile; fileRef = B41AC3E919C3B6770036198E /* Main.storyboard */; };
		B41AC3ED19C3B6770036198E /* Images.xcassets in Resources */ = {isa = PBXBuildFile; fileRef = B41AC3EC19C3B6770036198E /* Images.xcassets */; };
		B41AC3F919C3B6770036198E /* MyFirstSwiftAppsTests.swift in Sources */ = {isa = PBXBuildFile; fileRef = B41AC3F819C3B6770036198E /* MyFirstSwiftAppsTests.swift */; };
/* End PBXBuildFile section */

/* Begin PBXContainerItemProxy section */
		B41AC3F319C3B6770036198E /* PBXContainerItemProxy */ = {
			isa = PBXContainerItemProxy;
			containerPortal = B41AC3D819C3B6770036198E /* Project object */;
			proxyType = 1;
			remoteGlobalIDString = B41AC3DF19C3B6770036198E;
			remoteInfo = MyFirstSwiftApps;
		};
/* End PBXContainerItemProxy section */

/* Begin PBXFileReference section */
		B41AC3E019C3B6770036198E /* MyFirstSwiftApps.app */ = {isa = PBXFileReference; explicitFileType = wrapper.application; includeInIndex = 0; path = MyFirstSwiftApps.app; sourceTree = BUILT_PRODUCTS_DIR; };
		B41AC3E419C3B6770036198E /* Info.plist */ = {isa = PBXFileReference; lastKnownFileType = text.plist.xml; path = Info.plist; sourceTree = "<group>"; };
		B41AC3E519C3B6770036198E /* AppDelegate.swift */ = {isa = PBXFileReference; lastKnownFileType = sourcecode.swift; path = AppDelegate.swift; sourceTree = "<group>"; };
		B41AC3E719C3B6770036198E /* ViewController.swift */ = {isa = PBXFileReference; lastKnownFileType = sourcecode.swift; path = ViewController.swift; sourceTree = "<group>"; };
		B41AC3EA19C3B6770036198E /* Base */ = {isa = PBXFileReference; lastKnownFileType = file.storyboard; name = Base; path = Base.lproj/Main.storyboard; sourceTree = "<group>"; };
		B41AC3EC19C3B6770036198E /* Images.xcassets */ = {isa = PBXFileReference; lastKnownFileType = folder.assetcatalog; path = Images.xcassets; sourceTree = "<group>"; };
		B41AC3F219C3B6770036198E /* MyFirstSwiftAppsTests.xctest */ = {isa = PBXFileReference; explicitFileType = wrapper.cfbundle; includeInIndex = 0; path = MyFirstSwiftAppsTests.xctest; sourceTree = BUILT_PRODUCTS_DIR; };
		B41AC3F719C3B6770036198E /* Info.plist */ = {isa = PBXFileReference; lastKnownFileType = text.plist.xml; path = Info.plist; sourceTree = "<group>"; };
		B41AC3F819C3B6770036198E /* MyFirstSwiftAppsTests.swift */ = {isa = PBXFileReference; lastKnownFileType = sourcecode.swift; path = MyFirstSwiftAppsTests.swift; sourceTree = "<group>"; };
/* End PBXFileReference section */

/* Begin PBXFrameworksBuildPhase section */
		B41AC3DD19C3B6770036198E /* Frameworks */ = {
			isa = PBXFrameworksBuildPhase;
			buildActionMask = 2147483647;
			files = (
			);
			runOnlyForDeploymentPostprocessing = 0;
		};
		B41AC3EF19C3B6770036198E /* Frameworks */ = {
			isa = PBXFrameworksBuildPhase;
			buildActionMask = 2147483647;
			files = (
			);
			runOnlyForDeploymentPostprocessing = 0;
		};
/* End PBXFrameworksBuildPhase section */

/* Begin PBXGroup section */
		B41AC3D719C3B6770036198E = {
			isa = PBXGroup;
			children = (
				B41AC3E219C3B6770036198E /* MyFirstSwiftApps */,
				B41AC3F519C3B6770036198E /* MyFirstSwiftAppsTests */,
				B41AC3E119C3B6770036198E /* Products */,
			);
			sourceTree = "<group>";
		};
		B41AC3E119C3B6770036198E /* Products */ = {
			isa = PBXGroup;
			children = (
				B41AC3E019C3B6770036198E /* MyFirstSwiftApps.app */,
				B41AC3F219C3B6770036198E /* MyFirstSwiftAppsTests.xctest */,
			);
			name = Products;
			sourceTree = "<group>";
		};
		B41AC3E219C3B6770036198E /* MyFirstSwiftApps */ = {
			isa = PBXGroup;
			children = (
				B41AC3E519C3B6770036198E /* AppDelegate.swift */,
				B41AC3E719C3B6770036198E /* ViewController.swift */,
				B41AC3E919C3B6770036198E /* Main.storyboard */,
				B41AC3EC19C3B6770036198E /* Images.xcassets */,
				B41AC3E319C3B6770036198E /* Supporting Files */,
			);
			path = MyFirstSwiftApps;
			sourceTree = "<group>";
		};
		B41AC3E319C3B6770036198E /* Supporting Files */ = {
			isa = PBXGroup;
			children = (
				B41AC3E419C3B6770036198E /* Info.plist */,
			);
			name = "Supporting Files";
			sourceTree = "<group>";
		};
		B41AC3F519C3B6770036198E /* MyFirstSwiftAppsTests */ = {
			isa = PBXGroup;
			children = (
				B41AC3F819C3B6770036198E /* MyFirstSwiftAppsTests.swift */,
				B41AC3F619C3B6770036198E /* Supporting Files */,
			);
			path = MyFirstSwiftAppsTests;
			sourceTree = "<group>";
		};
		B41AC3F619C3B6770036198E /* Supporting Files */ = {
			isa = PBXGroup;
			children = (
				B41AC3F719C3B6770036198E /* Info.plist */,
			);
			name = "Supporting Files";
			sourceTree = "<group>";
		};
/* End PBXGroup section */

/* Begin PBXNativeTarget section */
		B41AC3DF19C3B6770036198E /* MyFirstSwiftApps */ = {
			isa = PBXNativeTarget;
			buildConfigurationList = B41AC3FC19C3B6770036198E /* Build configuration list for PBXNativeTarget "MyFirstSwiftApps" */;
			buildPhases = (
				B41AC3DC19C3B6770036198E /* Sources */,
				B41AC3DD19C3B6770036198E /* Frameworks */,
				B41AC3DE19C3B6770036198E /* Resources */,
			);
			buildRules = (
			);
			dependencies = (
			);
			name = MyFirstSwiftApps;
			productName = MyFirstSwiftApps;
			productReference = B41AC3E019C3B6770036198E /* MyFirstSwiftApps.app */;
			productType = "com.apple.product-type.application";
		};
		B41AC3F119C3B6770036198E /* MyFirstSwiftAppsTests */ = {
			isa = PBXNativeTarget;
			buildConfigurationList = B41AC3FF19C3B6770036198E /* Build configuration list for PBXNativeTarget "MyFirstSwiftAppsTests" */;
			buildPhases = (
				B41AC3EE19C3B6770036198E /* Sources */,
				B41AC3EF19C3B6770036198E /* Frameworks */,
				B41AC3F019C3B6770036198E /* Resources */,
			);
			buildRules = (
			);
			dependencies = (
				B41AC3F419C3B6770036198E /* PBXTargetDependency */,
			);
			name = MyFirstSwiftAppsTests;
			productName = MyFirstSwiftAppsTests;
			productReference = B41AC3F219C3B6770036198E /* MyFirstSwiftAppsTests.xctest */;
			productType = "com.apple.product-type.bundle.unit-test";
		};
/* End PBXNativeTarget section */

/* Begin PBXProject section */
		B41AC3D819C3B6770036198E /* Project object */ = {
			isa = PBXProject;
			attributes = {
				LastUpgradeCheck = 0600;
				ORGANIZATIONNAME = Berguru.com;
				TargetAttributes = {
					B41AC3DF19C3B6770036198E = {
						CreatedOnToolsVersion = 6.0;
					};
					B41AC3F119C3B6770036198E = {
						CreatedOnToolsVersion = 6.0;
						TestTargetID = B41AC3DF19C3B6770036198E;
					};
				};
			};
			buildConfigurationList = B41AC3DB19C3B6770036198E /* Build configuration list for PBXProject "MyFirstSwiftApps" */;
			compatibilityVersion = "Xcode 3.2";
			developmentRegion = English;
			hasScannedForEncodings = 0;
			knownRegions = (
				en,
				Base,
			);
			mainGroup = B41AC3D719C3B6770036198E;
			productRefGroup = B41AC3E119C3B6770036198E /* Products */;
			projectDirPath = "";
			projectRoot = "";
			targets = (
				B41AC3DF19C3B6770036198E /* MyFirstSwiftApps */,
				B41AC3F119C3B6770036198E /* MyFirstSwiftAppsTests */,
			);
		};
/* End PBXProject section */

/* Begin PBXResourcesBuildPhase section */
		B41AC3DE19C3B6770036198E /* Resources */ = {
			isa = PBXResourcesBuildPhase;
			buildActionMask = 2147483647;
			files = (
				B41AC3EB19C3B6770036198E /* Main.storyboard in Resources */,
				B41AC3ED19C3B6770036198E /* Images.xcassets in Resources */,
			);
			runOnlyForDeploymentPostprocessing = 0;
		};
		B41AC3F019C3B6770036198E /* Resources */ = {
			isa = PBXResourcesBuildPhase;
			buildActionMask = 2147483647;
			files = (
			);
			runOnlyForDeploymentPostprocessing = 0;
		};
/* End PBXResourcesBuildPhase section */

/* Begin PBXSourcesBuildPhase section */
		B41AC3DC19C3B6770036198E /* Sources */ = {
			isa = PBXSourcesBuildPhase;
			buildActionMask = 2147483647;
			files = (
				B41AC3E819C3B6770036198E /* ViewController.swift in Sources */,
				B41AC3E619C3B6770036198E /* AppDelegate.swift in Sources */,
			);
			runOnlyForDeploymentPostprocessing = 0;
		};
		B41AC3EE19C3B6770036198E /* Sources */ = {
			isa = PBXSourcesBuildPhase;
			buildActionMask = 2147483647;
			files = (
				B41AC3F919C3B6770036198E /* MyFirstSwiftAppsTests.swift in Sources */,
			);
			runOnlyForDeploymentPostprocessing = 0;
		};
/* End PBXSourcesBuildPhase section */

/* Begin PBXTargetDependency section */
		B41AC3F419C3B6770036198E /* PBXTargetDependency */ = {
			isa = PBXTargetDependency;
			target = B41AC3DF19C3B6770036198E /* MyFirstSwiftApps */;
			targetProxy = B41AC3F319C3B6770036198E /* PBXContainerItemProxy */;
		};
/* End PBXTargetDependency section */

/* Begin PBXVariantGroup section */
		B41AC3E919C3B6770036198E /* Main.storyboard */ = {
			isa = PBXVariantGroup;
			children = (
				B41AC3EA19C3B6770036198E /* Base */,
			);
			name = Main.storyboard;
			sourceTree = "<group>";
		};
/* End PBXVariantGroup section */

/* Begin XCBuildConfiguration section */
		B41AC3FA19C3B6770036198E /* Debug */ = {
			isa = XCBuildConfiguration;
			buildSettings = {
				ALWAYS_SEARCH_USER_PATHS = NO;
				CLANG_CXX_LANGUAGE_STANDARD = "gnu++0x";
				CLANG_CXX_LIBRARY = "libc++";
				CLANG_ENABLE_MODULES = YES;
				CLANG_ENABLE_OBJC_ARC = YES;
				CLANG_WARN_BOOL_CONVERSION = YES;
				CLANG_WARN_CONSTANT_CONVERSION = YES;
				CLANG_WARN_DIRECT_OBJC_ISA_USAGE = YES_ERROR;
				CLANG_WARN_EMPTY_BODY = YES;
				CLANG_WARN_ENUM_CONVERSION = YES;
				CLANG_WARN_INT_CONVERSION = YES;
				CLANG_WARN_OBJC_ROOT_CLASS = YES_ERROR;
				CLANG_WARN_UNREACHABLE_CODE = YES;
				CLANG_WARN__DUPLICATE_METHOD_MATCH = YES;
				"CODE_SIGN_IDENTITY[sdk=iphoneos*]" = "iPhone Developer";
				COPY_PHASE_STRIP = NO;
				ENABLE_STRICT_OBJC_MSGSEND = YES;
				GCC_C_LANGUAGE_STANDARD = gnu99;
				GCC_DYNAMIC_NO_PIC = NO;
				GCC_OPTIMIZATION_LEVEL = 0;
				GCC_PREPROCESSOR_DEFINITIONS = (
					"DEBUG=1",
					"$(inherited)",
				);
				GCC_SYMBOLS_PRIVATE_EXTERN = NO;
				GCC_WARN_64_TO_32_BIT_CONVERSION = YES;
				GCC_WARN_ABOUT_RETURN_TYPE = YES_ERROR;
				GCC_WARN_UNDECLARED_SELECTOR = YES;
				GCC_WARN_UNINITIALIZED_AUTOS = YES_AGGRESSIVE;
				GCC_WARN_UNUSED_FUNCTION = YES;
				GCC_WARN_UNUSED_VARIABLE = YES;
				IPHONEOS_DEPLOYMENT_TARGET = 8.0;
				MTL_ENABLE_DEBUG_INFO = YES;
				ONLY_ACTIVE_ARCH = YES;
				SDKROOT = iphoneos;
				SWIFT_OPTIMIZATION_LEVEL = "-Onone";
			};
			name = Debug;
		};
		B41AC3FB19C3B6770036198E /* Release */ = {
			isa = XCBuildConfiguration;
			buildSettings = {
				ALWAYS_SEARCH_USER_PATHS = NO;
				CLANG_CXX_LANGUAGE_STANDARD = "gnu++0x";
				CLANG_CXX_LIBRARY = "libc++";
				CLANG_ENABLE_MODULES = YES;
				CLANG_ENABLE_OBJC_ARC = YES;
				CLANG_WARN_BOOL_CONVERSION = YES;
				CLANG_WARN_CONSTANT_CONVERSION = YES;
				CLANG_WARN_DIRECT_OBJC_ISA_USAGE = YES_ERROR;
				CLANG_WARN_EMPTY_BODY = YES;
				CLANG_WARN_ENUM_CONVERSION = YES;
				CLANG_WARN_INT_CONVERSION = YES;
				CLANG_WARN_OBJC_ROOT_CLASS = YES_ERROR;
				CLANG_WARN_UNREACHABLE_CODE = YES;
				CLANG_WARN__DUPLICATE_METHOD_MATCH = YES;
				"CODE_SIGN_IDENTITY[sdk=iphoneos*]" = "iPhone Developer";
				COPY_PHASE_STRIP = YES;
				ENABLE_NS_ASSERTIONS = NO;
				ENABLE_STRICT_OBJC_MSGSEND = YES;
				GCC_C_LANGUAGE_STANDARD = gnu99;
				GCC_WARN_64_TO_32_BIT_CONVERSION = YES;
				GCC_WARN_ABOUT_RETURN_TYPE = YES_ERROR;
				GCC_WARN_UNDECLARED_SELECTOR = YES;
				GCC_WARN_UNINITIALIZED_AUTOS = YES_AGGRESSIVE;
				GCC_WARN_UNUSED_FUNCTION = YES;
				GCC_WARN_UNUSED_VARIABLE = YES;
				IPHONEOS_DEPLOYMENT_TARGET = 8.0;
				MTL_ENABLE_DEBUG_INFO = NO;
				SDKROOT = iphoneos;
				VALIDATE_PRODUCT = YES;
			};
			name = Release;
		};
		B41AC3FD19C3B6770036198E /* Debug */ = {
			isa = XCBuildConfiguration;
			buildSettings = {
				ASSETCATALOG_COMPILER_APPICON_NAME = AppIcon;
				ASSETCATALOG_COMPILER_LAUNCHIMAGE_NAME = LaunchImage;
				INFOPLIST_FILE = MyFirstSwiftApps/Info.plist;
				LD_RUNPATH_SEARCH_PATHS = "$(inherited) @executable_path/Frameworks";
				PRODUCT_NAME = "$(TARGET_NAME)";
			};
			name = Debug;
		};
		B41AC3FE19C3B6770036198E /* Release */ = {
			isa = XCBuildConfiguration;
			buildSettings = {
				ASSETCATALOG_COMPILER_APPICON_NAME = AppIcon;
				ASSETCATALOG_COMPILER_LAUNCHIMAGE_NAME = LaunchImage;
				INFOPLIST_FILE = MyFirstSwiftApps/Info.plist;
				LD_RUNPATH_SEARCH_PATHS = "$(inherited) @executable_path/Frameworks";
				PRODUCT_NAME = "$(TARGET_NAME)";
			};
			name = Release;
		};
		B41AC40019C3B6770036198E /* Debug */ = {
			isa = XCBuildConfiguration;
			buildSettings = {
				BUNDLE_LOADER = "$(TEST_HOST)";
				FRAMEWORK_SEARCH_PATHS = (
					"$(SDKROOT)/Developer/Library/Frameworks",
					"$(inherited)",
				);
				GCC_PREPROCESSOR_DEFINITIONS = (
					"DEBUG=1",
					"$(inherited)",
				);
				INFOPLIST_FILE = MyFirstSwiftAppsTests/Info.plist;
				LD_RUNPATH_SEARCH_PATHS = "$(inherited) @executable_path/Frameworks @loader_path/Frameworks";
				PRODUCT_NAME = "$(TARGET_NAME)";
				TEST_HOST = "$(BUILT_PRODUCTS_DIR)/MyFirstSwiftApps.app/MyFirstSwiftApps";
			};
			name = Debug;
		};
		B41AC40119C3B6770036198E /* Release */ = {
			isa = XCBuildConfiguration;
			buildSettings = {
				BUNDLE_LOADER = "$(TEST_HOST)";
				FRAMEWORK_SEARCH_PATHS = (
					"$(SDKROOT)/Developer/Library/Frameworks",
					"$(inherited)",
				);
				INFOPLIST_FILE = MyFirstSwiftAppsTests/Info.plist;
				LD_RUNPATH_SEARCH_PATHS = "$(inherited) @executable_path/Frameworks @loader_path/Frameworks";
				PRODUCT_NAME = "$(TARGET_NAME)";
				TEST_HOST = "$(BUILT_PRODUCTS_DIR)/MyFirstSwiftApps.app/MyFirstSwiftApps";
			};
			name = Release;
		};
/* End XCBuildConfiguration section */

/* Begin XCConfigurationList section */
		B41AC3DB19C3B6770036198E /* Build configuration list for PBXProject "MyFirstSwiftApps" */ = {
			isa = XCConfigurationList;
			buildConfigurations = (
				B41AC3FA19C3B6770036198E /* Debug */,
				B41AC3FB19C3B6770036198E /* Release */,
			);
			defaultConfigurationIsVisible = 0;
			defaultConfigurationName = Release;
		};
		B41AC3FC19C3B6770036198E /* Build configuration list for PBXNativeTarget "MyFirstSwiftApps" */ = {
			isa = XCConfigurationList;
			buildConfigurations = (
				B41AC3FD19C3B6770036198E /* Debug */,
				B41AC3FE19C3B6770036198E /* Release */,
			);
			defaultConfigurationIsVisible = 0;
		};
		B41AC3FF19C3B6770036198E /* Build configuration list for PBXNativeTarget "MyFirstSwiftAppsTests" */ = {
			isa = XCConfigurationList;
			buildConfigurations = (
				B41AC40019C3B6770036198E /* Debug */,
				B41AC40119C3B6770036198E /* Release */,
			);
			defaultConfigurationIsVisible = 0;
		};
/* End XCConfigurationList section */
	};
	rootObject = B41AC3D819C3B6770036198E /* Project object */;
}
